github.com/alex-shpak/hugo-book v0.0.0-20260510213357-4018d4b51d10 h1:QaefQ029ZuooQDaObwapWGHMYRhzs4NImkGZP+NSOKE=
github.com/alex-shpak/hugo-book v0.0.0-20260510213357-4018d4b51d10/go.mod h1:3N2fYXAJzb31L13moUOXmPo2DC58VvQYJkGr9VniXfQ=
github.com/alex-shpak/hugo-book v0.14.0 h1:edQbxbKHZQoaHidnGR9dZ9EnoEqIV+kPjyEuAaDWvzc=
github.com/alex-shpak/hugo-book v0.14.0/go.mod h1:3N2fYXAJzb31L13moUOXmPo2DC58VvQYJkGr9VniXfQ=
